
Microsoft Visual Studio Solution File, Format Version 12.00
# Visual Studio 14
VisualStudioVersion = 14.0.23107.0
MinimumVisualStudioVersion = 10.0.40219.1
Project("{159641D6-6404-4A2A-AE62-294DE0FE8301}") = "dynamic_import_excel", "dynamic_import_excel\dynamic_import_excel.dtproj", "{FCD35A94-3C28-4278-9D34-02F27BCD5DC9}"
EndProject
Global
	GlobalSection(SolutionConfigurationPlatforms) = preSolution
		Development|Default = Development|Default
	EndGlobalSection
	GlobalSection(ProjectConfigurationPlatforms) = postSolution
		{FCD35A94-3C28-4278-9D34-02F27BCD5DC9}.Development|Default.ActiveCfg = Development
		{FCD35A94-3C28-4278-9D34-02F27BCD5DC9}.Development|Default.Build.0 = Development
	EndGlobalSection
	GlobalSection(SolutionProperties) = preSolution
		HideSolutionNode = FALSE
	EndGlobalSection
EndGlobal
